
Microsoft Visual Studio Solution File, Format Version 12.00
# Visual Studio Version 17
VisualStudioVersion = 17.0.31903.59
MinimumVisualStudioVersion = 10.0.40219.1
Project("{2150E333-8FDC-42A3-9474-1A3956D46DE8}") = "src", "src", "{2C529027-9FAC-4A38-9397-624E72ED8CFC}"
EndProject
Project("{FAE04EC0-301F-11D3-BF4B-00C04F79EFBC}") = "CarDealer.Domain", "src\CarDealer.Domain\CarDealer.Domain.csproj", "{25B3D57B-0F42-40B3-82CE-DEDF664E39F0}"
EndProject
Project("{FAE04EC0-301F-11D3-BF4B-00C04F79EFBC}") = "CarDealer.Application", "src\CarDealer.Application\CarDealer.Application.csproj", "{79FB00EB-EAD0-44B2-BE15-C8C06CF8C8EA}"
EndProject
Project("{FAE04EC0-301F-11D3-BF4B-00C04F79EFBC}") = "CarDealer.Infrastructure", "src\CarDealer.Infrastructure\CarDealer.Infrastructure.csproj", "{36A9D64D-8CC0-49A3-AD59-40CD3A837544}"
EndProject
Project("{FAE04EC0-301F-11D3-BF4B-00C04F79EFBC}") = "CarDealer.Integrations", "src\CarDealer.Integrations\CarDealer.Integrations.csproj", "{C859A632-AAF7-43A9-9181-A7C997012863}"
EndProject
Project("{FAE04EC0-301F-11D3-BF4B-00C04F79EFBC}") = "CarDealer.Api", "src\CarDealer.Api\CarDealer.Api.csproj", "{3E2BA33D-6E5A-474F-ACF6-E541FCE9BBB2}"
EndProject
Project("{FAE04EC0-301F-11D3-BF4B-00C04F79EFBC}") = "CarDealer.Worker", "src\CarDealer.Worker\CarDealer.Worker.csproj", "{250BBBAD-98F2-41EE-A465-438280AB0EC0}"
EndProject
Project("{2150E333-8FDC-42A3-9474-1A3956D46DE8}") = "tests", "tests", "{9E7063CF-BA31-491C-98FE-B3A185EB9DD3}"
EndProject
Project("{FAE04EC0-301F-11D3-BF4B-00C04F79EFBC}") = "CarDealer.UnitTests", "tests\CarDealer.UnitTests\CarDealer.UnitTests.csproj", "{C5DDD58A-7844-429B-A606-11B96DD4E392}"
EndProject
Project("{FAE04EC0-301F-11D3-BF4B-00C04F79EFBC}") = "CarDealer.IntegrationTests", "tests\CarDealer.IntegrationTests\CarDealer.IntegrationTests.csproj", "{E8FB599F-7F3A-4DF6-921C-4557B45E8918}"
EndProject
Project("{2150E333-8FDC-42A3-9474-1A3956D46DE8}") = "tools", "tools", "{07C2787E-EAC7-C090-1BA3-A61EC2A24D84}"
EndProject
Project("{FAE04EC0-301F-11D3-BF4B-00C04F79EFBC}") = "CarDealer.ModelProbe", "tools\CarDealer.ModelProbe\CarDealer.ModelProbe.csproj", "{ED946AA8-F28E-47D7-963D-7429EE644495}"
EndProject
Global
	GlobalSection(SolutionConfigurationPlatforms) = preSolution
		Debug|Any CPU = Debug|Any CPU
		Debug|x64 = Debug|x64
		Debug|x86 = Debug|x86
		Release|Any CPU = Release|Any CPU
		Release|x64 = Release|x64
		Release|x86 = Release|x86
	EndGlobalSection
	GlobalSection(ProjectConfigurationPlatforms) = postSolution
		{25B3D57B-0F42-40B3-82CE-DEDF664E39F0}.Debug|Any CPU.ActiveCfg = Debug|Any CPU
		{25B3D57B-0F42-40B3-82CE-DEDF664E39F0}.Debug|Any CPU.Build.0 = Debug|Any CPU
		{25B3D57B-0F42-40B3-82CE-DEDF664E39F0}.Debug|x64.ActiveCfg = Debug|Any CPU
		{25B3D57B-0F42-40B3-82CE-DEDF664E39F0}.Debug|x64.Build.0 = Debug|Any CPU
		{25B3D57B-0F42-40B3-82CE-DEDF664E39F0}.Debug|x86.ActiveCfg = Debug|Any CPU
		{25B3D57B-0F42-40B3-82CE-DEDF664E39F0}.Debug|x86.Build.0 = Debug|Any CPU
		{25B3D57B-0F42-40B3-82CE-DEDF664E39F0}.Release|Any CPU.ActiveCfg = Release|Any CPU
		{25B3D57B-0F42-40B3-82CE-DEDF664E39F0}.Release|Any CPU.Build.0 = Release|Any CPU
		{25B3D57B-0F42-40B3-82CE-DEDF664E39F0}.Release|x64.ActiveCfg = Release|Any CPU
		{25B3D57B-0F42-40B3-82CE-DEDF664E39F0}.Release|x64.Build.0 = Release|Any CPU
		{25B3D57B-0F42-40B3-82CE-DEDF664E39F0}.Release|x86.ActiveCfg = Release|Any CPU
		{25B3D57B-0F42-40B3-82CE-DEDF664E39F0}.Release|x86.Build.0 = Release|Any CPU
		{79FB00EB-EAD0-44B2-BE15-C8C06CF8C8EA}.Debug|Any CPU.ActiveCfg = Debug|Any CPU
		{79FB00EB-EAD0-44B2-BE15-C8C06CF8C8EA}.Debug|Any CPU.Build.0 = Debug|Any CPU
		{79FB00EB-EAD0-44B2-BE15-C8C06CF8C8EA}.Debug|x64.ActiveCfg = Debug|Any CPU
		{79FB00EB-EAD0-44B2-BE15-C8C06CF8C8EA}.Debug|x64.Build.0 = Debug|Any CPU
		{79FB00EB-EAD0-44B2-BE15-C8C06CF8C8EA}.Debug|x86.ActiveCfg = Debug|Any CPU
		{79FB00EB-EAD0-44B2-BE15-C8C06CF8C8EA}.Debug|x86.Build.0 = Debug|Any CPU
		{79FB00EB-EAD0-44B2-BE15-C8C06CF8C8EA}.Release|Any CPU.ActiveCfg = Release|Any CPU
		{79FB00EB-EAD0-44B2-BE15-C8C06CF8C8EA}.Release|Any CPU.Build.0 = Release|Any CPU
		{79FB00EB-EAD0-44B2-BE15-C8C06CF8C8EA}.Release|x64.ActiveCfg = Release|Any CPU
		{79FB00EB-EAD0-44B2-BE15-C8C06CF8C8EA}.Release|x64.Build.0 = Release|Any CPU
		{79FB00EB-EAD0-44B2-BE15-C8C06CF8C8EA}.Release|x86.ActiveCfg = Release|Any CPU
		{79FB00EB-EAD0-44B2-BE15-C8C06CF8C8EA}.Release|x86.Build.0 = Release|Any CPU
		{36A9D64D-8CC0-49A3-AD59-40CD3A837544}.Debug|Any CPU.ActiveCfg = Debug|Any CPU
		{36A9D64D-8CC0-49A3-AD59-40CD3A837544}.Debug|Any CPU.Build.0 = Debug|Any CPU
		{36A9D64D-8CC0-49A3-AD59-40CD3A837544}.Debug|x64.ActiveCfg = Debug|Any CPU
		{36A9D64D-8CC0-49A3-AD59-40CD3A837544}.Debug|x64.Build.0 = Debug|Any CPU
		{36A9D64D-8CC0-49A3-AD59-40CD3A837544}.Debug|x86.ActiveCfg = Debug|Any CPU
		{36A9D64D-8CC0-49A3-AD59-40CD3A837544}.Debug|x86.Build.0 = Debug|Any CPU
		{36A9D64D-8CC0-49A3-AD59-40CD3A837544}.Release|Any CPU.ActiveCfg = Release|Any CPU
		{36A9D64D-8CC0-49A3-AD59-40CD3A837544}.Release|Any CPU.Build.0 = Release|Any CPU
		{36A9D64D-8CC0-49A3-AD59-40CD3A837544}.Release|x64.ActiveCfg = Release|Any CPU
		{36A9D64D-8CC0-49A3-AD59-40CD3A837544}.Release|x64.Build.0 = Release|Any CPU
		{36A9D64D-8CC0-49A3-AD59-40CD3A837544}.Release|x86.ActiveCfg = Release|Any CPU
		{36A9D64D-8CC0-49A3-AD59-40CD3A837544}.Release|x86.Build.0 = Release|Any CPU
		{C859A632-AAF7-43A9-9181-A7C997012863}.Debug|Any CPU.ActiveCfg = Debug|Any CPU
		{C859A632-AAF7-43A9-9181-A7C997012863}.Debug|Any CPU.Build.0 = Debug|Any CPU
		{C859A632-AAF7-43A9-9181-A7C997012863}.Debug|x64.ActiveCfg = Debug|Any CPU
		{C859A632-AAF7-43A9-9181-A7C997012863}.Debug|x64.Build.0 = Debug|Any CPU
		{C859A632-AAF7-43A9-9181-A7C997012863}.Debug|x86.ActiveCfg = Debug|Any CPU
		{C859A632-AAF7-43A9-9181-A7C997012863}.Debug|x86.Build.0 = Debug|Any CPU
		{C859A632-AAF7-43A9-9181-A7C997012863}.Release|Any CPU.ActiveCfg = Release|Any CPU
		{C859A632-AAF7-43A9-9181-A7C997012863}.Release|Any CPU.Build.0 = Release|Any CPU
		{C859A632-AAF7-43A9-9181-A7C997012863}.Release|x64.ActiveCfg = Release|Any CPU
		{C859A632-AAF7-43A9-9181-A7C997012863}.Release|x64.Build.0 = Release|Any CPU
		{C859A632-AAF7-43A9-9181-A7C997012863}.Release|x86.ActiveCfg = Release|Any CPU
		{C859A632-AAF7-43A9-9181-A7C997012863}.Release|x86.Build.0 = Release|Any CPU
		{3E2BA33D-6E5A-474F-ACF6-E541FCE9BBB2}.Debug|Any CPU.ActiveCfg = Debug|Any CPU
		{3E2BA33D-6E5A-474F-ACF6-E541FCE9BBB2}.Debug|Any CPU.Build.0 = Debug|Any CPU
		{3E2BA33D-6E5A-474F-ACF6-E541FCE9BBB2}.Debug|x64.ActiveCfg = Debug|Any CPU
		{3E2BA33D-6E5A-474F-ACF6-E541FCE9BBB2}.Debug|x64.Build.0 = Debug|Any CPU
		{3E2BA33D-6E5A-474F-ACF6-E541FCE9BBB2}.Debug|x86.ActiveCfg = Debug|Any CPU
		{3E2BA33D-6E5A-474F-ACF6-E541FCE9BBB2}.Debug|x86.Build.0 = Debug|Any CPU
		{3E2BA33D-6E5A-474F-ACF6-E541FCE9BBB2}.Release|Any CPU.ActiveCfg = Release|Any CPU
		{3E2BA33D-6E5A-474F-ACF6-E541FCE9BBB2}.Release|Any CPU.Build.0 = Release|Any CPU
		{3E2BA33D-6E5A-474F-ACF6-E541FCE9BBB2}.Release|x64.ActiveCfg = Release|Any CPU
		{3E2BA33D-6E5A-474F-ACF6-E541FCE9BBB2}.Release|x64.Build.0 = Release|Any CPU
		{3E2BA33D-6E5A-474F-ACF6-E541FCE9BBB2}.Release|x86.ActiveCfg = Release|Any CPU
		{3E2BA33D-6E5A-474F-ACF6-E541FCE9BBB2}.Release|x86.Build.0 = Release|Any CPU
		{250BBBAD-98F2-41EE-A465-438280AB0EC0}.Debug|Any CPU.ActiveCfg = Debug|Any CPU
		{250BBBAD-98F2-41EE-A465-438280AB0EC0}.Debug|Any CPU.Build.0 = Debug|Any CPU
		{250BBBAD-98F2-41EE-A465-438280AB0EC0}.Debug|x64.ActiveCfg = Debug|Any CPU
		{250BBBAD-98F2-41EE-A465-438280AB0EC0}.Debug|x64.Build.0 = Debug|Any CPU
		{250BBBAD-98F2-41EE-A465-438280AB0EC0}.Debug|x86.ActiveCfg = Debug|Any CPU
		{250BBBAD-98F2-41EE-A465-438280AB0EC0}.Debug|x86.Build.0 = Debug|Any CPU
		{250BBBAD-98F2-41EE-A465-438280AB0EC0}.Release|Any CPU.ActiveCfg = Release|Any CPU
		{250BBBAD-98F2-41EE-A465-438280AB0EC0}.Release|Any CPU.Build.0 = Release|Any CPU
		{250BBBAD-98F2-41EE-A465-438280AB0EC0}.Release|x64.ActiveCfg = Release|Any CPU
		{250BBBAD-98F2-41EE-A465-438280AB0EC0}.Release|x64.Build.0 = Release|Any CPU
		{250BBBAD-98F2-41EE-A465-438280AB0EC0}.Release|x86.ActiveCfg = Release|Any CPU
		{250BBBAD-98F2-41EE-A465-438280AB0EC0}.Release|x86.Build.0 = Release|Any CPU
		{C5DDD58A-7844-429B-A606-11B96DD4E392}.Debug|Any CPU.ActiveCfg = Debug|Any CPU
		{C5DDD58A-7844-429B-A606-11B96DD4E392}.Debug|Any CPU.Build.0 = Debug|Any CPU
		{C5DDD58A-7844-429B-A606-11B96DD4E392}.Debug|x64.ActiveCfg = Debug|Any CPU
		{C5DDD58A-7844-429B-A606-11B96DD4E392}.Debug|x64.Build.0 = Debug|Any CPU
		{C5DDD58A-7844-429B-A606-11B96DD4E392}.Debug|x86.ActiveCfg = Debug|Any CPU
		{C5DDD58A-7844-429B-A606-11B96DD4E392}.Debug|x86.Build.0 = Debug|Any CPU
		{C5DDD58A-7844-429B-A606-11B96DD4E392}.Release|Any CPU.ActiveCfg = Release|Any CPU
		{C5DDD58A-7844-429B-A606-11B96DD4E392}.Release|Any CPU.Build.0 = Release|Any CPU
		{C5DDD58A-7844-429B-A606-11B96DD4E392}.Release|x64.ActiveCfg = Release|Any CPU
		{C5DDD58A-7844-429B-A606-11B96DD4E392}.Release|x64.Build.0 = Release|Any CPU
		{C5DDD58A-7844-429B-A606-11B96DD4E392}.Release|x86.ActiveCfg = Release|Any CPU
		{C5DDD58A-7844-429B-A606-11B96DD4E392}.Release|x86.Build.0 = Release|Any CPU
		{E8FB599F-7F3A-4DF6-921C-4557B45E8918}.Debug|Any CPU.ActiveCfg = Debug|Any CPU
		{E8FB599F-7F3A-4DF6-921C-4557B45E8918}.Debug|Any CPU.Build.0 = Debug|Any CPU
		{E8FB599F-7F3A-4DF6-921C-4557B45E8918}.Debug|x64.ActiveCfg = Debug|Any CPU
		{E8FB599F-7F3A-4DF6-921C-4557B45E8918}.Debug|x64.Build.0 = Debug|Any CPU
		{E8FB599F-7F3A-4DF6-921C-4557B45E8918}.Debug|x86.ActiveCfg = Debug|Any CPU
		{E8FB599F-7F3A-4DF6-921C-4557B45E8918}.Debug|x86.Build.0 = Debug|Any CPU
		{E8FB599F-7F3A-4DF6-921C-4557B45E8918}.Release|Any CPU.ActiveCfg = Release|Any CPU
		{E8FB599F-7F3A-4DF6-921C-4557B45E8918}.Release|Any CPU.Build.0 = Release|Any CPU
		{E8FB599F-7F3A-4DF6-921C-4557B45E8918}.Release|x64.ActiveCfg = Release|Any CPU
		{E8FB599F-7F3A-4DF6-921C-4557B45E8918}.Release|x64.Build.0 = Release|Any CPU
		{E8FB599F-7F3A-4DF6-921C-4557B45E8918}.Release|x86.ActiveCfg = Release|Any CPU
		{E8FB599F-7F3A-4DF6-921C-4557B45E8918}.Release|x86.Build.0 = Release|Any CPU
		{ED946AA8-F28E-47D7-963D-7429EE644495}.Debug|Any CPU.ActiveCfg = Debug|Any CPU
		{ED946AA8-F28E-47D7-963D-7429EE644495}.Debug|Any CPU.Build.0 = Debug|Any CPU
		{ED946AA8-F28E-47D7-963D-7429EE644495}.Debug|x64.ActiveCfg = Debug|Any CPU
		{ED946AA8-F28E-47D7-963D-7429EE644495}.Debug|x64.Build.0 = Debug|Any CPU
		{ED946AA8-F28E-47D7-963D-7429EE644495}.Debug|x86.ActiveCfg = Debug|Any CPU
		{ED946AA8-F28E-47D7-963D-7429EE644495}.Debug|x86.Build.0 = Debug|Any CPU
		{ED946AA8-F28E-47D7-963D-7429EE644495}.Release|Any CPU.ActiveCfg = Release|Any CPU
		{ED946AA8-F28E-47D7-963D-7429EE644495}.Release|Any CPU.Build.0 = Release|Any CPU
		{ED946AA8-F28E-47D7-963D-7429EE644495}.Release|x64.ActiveCfg = Release|Any CPU
		{ED946AA8-F28E-47D7-963D-7429EE644495}.Release|x64.Build.0 = Release|Any CPU
		{ED946AA8-F28E-47D7-963D-7429EE644495}.Release|x86.ActiveCfg = Release|Any CPU
		{ED946AA8-F28E-47D7-963D-7429EE644495}.Release|x86.Build.0 = Release|Any CPU
	EndGlobalSection
	GlobalSection(SolutionProperties) = preSolution
		HideSolutionNode = FALSE
	EndGlobalSection
	GlobalSection(NestedProjects) = preSolution
		{25B3D57B-0F42-40B3-82CE-DEDF664E39F0} = {2C529027-9FAC-4A38-9397-624E72ED8CFC}
		{79FB00EB-EAD0-44B2-BE15-C8C06CF8C8EA} = {2C529027-9FAC-4A38-9397-624E72ED8CFC}
		{36A9D64D-8CC0-49A3-AD59-40CD3A837544} = {2C529027-9FAC-4A38-9397-624E72ED8CFC}
		{C859A632-AAF7-43A9-9181-A7C997012863} = {2C529027-9FAC-4A38-9397-624E72ED8CFC}
		{3E2BA33D-6E5A-474F-ACF6-E541FCE9BBB2} = {2C529027-9FAC-4A38-9397-624E72ED8CFC}
		{250BBBAD-98F2-41EE-A465-438280AB0EC0} = {2C529027-9FAC-4A38-9397-624E72ED8CFC}
		{C5DDD58A-7844-429B-A606-11B96DD4E392} = {9E7063CF-BA31-491C-98FE-B3A185EB9DD3}
		{E8FB599F-7F3A-4DF6-921C-4557B45E8918} = {9E7063CF-BA31-491C-98FE-B3A185EB9DD3}
		{ED946AA8-F28E-47D7-963D-7429EE644495} = {07C2787E-EAC7-C090-1BA3-A61EC2A24D84}
	EndGlobalSection
EndGlobal
